<?xml version="1.0" encoding="utf-8"?>
<Project ToolsVersion="4.0" xmlns="http://schemas.microsoft.com/developer/msbuild/2003">
  <ItemGroup>
    <Filter Include="Source Files">
      <UniqueIdentifier>{4FC737F1-C7A5-4376-A066-2A32D752A2FF}</UniqueIdentifier>
      <Extensions>cpp;c;cc;cxx;c++;cppm;ixx;def;odl;idl;hpj;bat;asm;asmx</Extensions>
    </Filter>
    <Filter Include="Header Files">
      <UniqueIdentifier>{93995380-89BD-4b04-88EB-625FBE52EBFB}</UniqueIdentifier>
      <Extensions>h;hh;hpp;hxx;h++;hm;inl;inc;ipp;xsd</Extensions>
    </Filter>
    <Filter Include="Resource Files">
      <UniqueIdentifier>{67DA6AB6-F800-4c08-8B7A-83BB121AAD01}</UniqueIdentifier>
      <Extensions>rc;ico;cur;bmp;dlg;rc2;rct;bin;rgs;gif;jpg;jpeg;jpe;resx;tiff;tif;png;wav;mfcribbon-ms</Extensions>
    </Filter>
    <Filter Include="Resource Files\Shapes">
      <UniqueIdentifier>{61e2eded-ee4f-4566-b99d-51b08548a6f7}</UniqueIdentifier>
    </Filter>
    <Filter Include="Resource Files\Functions">
      <UniqueIdentifier>{ba5fa6fc-539f-489a-a12e-e77648b11f19}</UniqueIdentifier>
    </Filter>
    <Filter Include="Header Files\Shapes">
      <UniqueIdentifier>{854c2908-86bd-42d0-9a22-15774e820d10}</UniqueIdentifier>
    </Filter>
    <Filter Include="Header Files\Functions">
      <UniqueIdentifier>{00876b13-da37-4075-bbe2-f5eb10dc1b94}</UniqueIdentifier>
    </Filter>
  </ItemGroup>
  <ItemGroup>
    <ClCompile Include="main.cpp">
      <Filter>Resource Files</Filter>
    </ClCompile>
    <ClCompile Include="Box.cpp">
      <Filter>Resource Files\Shapes</Filter>
    </ClCompile>
    <ClCompile Include="Polygon.cpp">
      <Filter>Resource Files\Shapes</Filter>
    </ClCompile>
    <ClCompile Include="ReadFile.cpp">
      <Filter>Resource Files\Functions</Filter>
    </ClCompile>
    <ClCompile Include="Circle.cpp">
      <Filter>Resource Files\Shapes</Filter>
    </ClCompile>
    <ClCompile Include="ConvertUnits.cpp">
      <Filter>Resource Files\Functions</Filter>
    </ClCompile>
    <ClCompile Include="Vertex.cpp">
      <Filter>Resource Files\Shapes</Filter>
    </ClCompile>
  </ItemGroup>
  <ItemGroup>
    <ClInclude Include="Box.h">
      <Filter>Header Files\Shapes</Filter>
    </ClInclude>
    <ClInclude Include="Polygon.h">
      <Filter>Header Files\Shapes</Filter>
    </ClInclude>
    <ClInclude Include="Vertex.h">
      <Filter>Header Files\Shapes</Filter>
    </ClInclude>
    <ClInclude Include="ReadFile.h">
      <Filter>Header Files\Functions</Filter>
    </ClInclude>
    <ClInclude Include="Circle.h">
      <Filter>Header Files\Shapes</Filter>
    </ClInclude>
    <ClInclude Include="ConvertUnits.h">
      <Filter>Header Files\Functions</Filter>
    </ClInclude>
  </ItemGroup>
  <ItemGroup>
    <None Include="vertexShader.glsl">
      <Filter>Source Files</Filter>
    </None>
    <None Include="fragmentShader.glsl">
      <Filter>Source Files</Filter>
    </None>
  </ItemGroup>
</Project>